
Microsoft Visual Studio Solution File, Format Version 12.00
# Visual Studio 15
VisualStudioVersion = 15.0.28307.645
MinimumVisualStudioVersion = 10.0.40219.1
Project("{FAE04EC0-301F-11D3-BF4B-00C04F79EFBC}") = "FranklinSoft.RegCompareDesktop", "FranklinSoft.RegCompareDesktop\FranklinSoft.RegCompareDesktop.csproj", "{50646126-E056-40CF-A043-9A606A6E9913}"
EndProject
Global
	GlobalSection(SolutionConfigurationPlatforms) = preSolution
		Debug|Any CPU = Debug|Any CPU
		Release|Any CPU = Release|Any CPU
	EndGlobalSection
	GlobalSection(ProjectConfigurationPlatforms) = postSolution
		{50646126-E056-40CF-A043-9A606A6E9913}.Debug|Any CPU.ActiveCfg = Debug|Any CPU
		{50646126-E056-40CF-A043-9A606A6E9913}.Debug|Any CPU.Build.0 = Debug|Any CPU
		{50646126-E056-40CF-A043-9A606A6E9913}.Release|Any CPU.ActiveCfg = Release|Any CPU
		{50646126-E056-40CF-A043-9A606A6E9913}.Release|Any CPU.Build.0 = Release|Any CPU
	EndGlobalSection
	GlobalSection(SolutionProperties) = preSolution
		HideSolutionNode = FALSE
	EndGlobalSection
	GlobalSection(ExtensibilityGlobals) = postSolution
		SolutionGuid = {66D230F8-10EB-42C0-9CCE-BE03D4414430}
	EndGlobalSection
EndGlobal
